{
  "version": 4,
  "terraform_version": "1.0.7",
  "serial": 58,
  "lineage": "7291b292-55cc-ccf2-123d-feeaa582dc20",
  "outputs": {},
  "resources": [
    {
      "mode": "managed",
      "type": "aws_acm_certificate",
      "name": "example",
      "provider": "provider[\"registry.terraform.io/hashicorp/aws\"]",
      "instances": [
        {
          "schema_version": 0,
          "attributes": {
            "arn": "arn:aws:acm:us-east-1:257054310691:certificate/2420fe3d-6872-46e4-97e0-66cb8b97722d",
            "certificate_authority_arn": "",
            "certificate_body": "-----BEGIN CERTIFICATE-----\nMIIDgDCCAmigAwIBAgIRAME0JgJ55OzM6FNN1AA0SXcwDQYJKoZIhvcNAQELBQAw\nSTEbMBkGA1UEChMSQUNNRSBFeGFtcGxlcywgSW5jMSowKAYDVQQDEyFkb21pbmlv\nLnBlcnNvbmFsLmRpZmVyZW50ZS5jb20uY28wHhcNMjIwMTExMjMxMDAzWhcNMjIw\nMTEyMTExMDAzWjBJMRswGQYDVQQKExJBQ01FIEV4YW1wbGVzLCBJbmMxKjAoBgNV\nBAMTIWRvbWluaW8ucGVyc29uYWwuZGlmZXJlbnRlLmNvbS5jbzCCASIwDQYJKoZI\nhvcNAQEBBQADggEPADCCAQoCggEBAKUpNEe0cT8MWspqyJFI8PheNH/YViPKVLlL\nN7iRRD97GsPCwaaarbfPq3LNS1IRmr1V78NzszBbsU9wtvOnkTkJSzUr42PKc2yX\nwVSq1IAP/v2/8awpn5F1eotMgZeF29q9kQT8qlLZfH6Oc4BKpR/GavszqTAPIrq2\nNFgVuopVGq82HBGYE3tvVlqKmXj6Eum8DJIajRktLwn1Fu4a1OOXRYu5u4NGw7GK\nG6m/67szYhRziFE6l0yNzt5qsHxlPlACSp/mCRdGkztSbd2bUomUnN1YSR25YM8Q\nz9Yp6ZfXPOsX9tQoZoVL4Mdo8pSdG6K+p3t2HaBQY9jldltgLKMCAwEAAaNjMGEw\nDgYDVR0PAQH/BAQDAgWgMBMGA1UdJQQMMAoGCCsGAQUFBwMBMAwGA1UdEwEB/wQC\nMAAwLAYDVR0RBCUwI4IhZG9taW5pby5wZXJzb25hbC5kaWZlcmVudGUuY29tLmNv\nMA0GCSqGSIb3DQEBCwUAA4IBAQCNHogt+WzdNdE3jne+NuAubik1dwAMdZETehvM\nUhbo/hMS+t0ZrVUljGXOiD5Lgj8oi9nXbTa7IZGM1KYOADXceQSPHOX38MCEXrDk\nE5AAaNnbFGR6Mpx2t4EKPj9FRI73wJjUjVu7P4mwnAdiOuKQiVEG2/TvENRHjL3G\nuJAiQ/vDs8g7KIaP7aW0IduKWUx/3GAoJvb9Vpfku0Kkl5T2/57bYgapGFZTPTcs\nMpvTvSD8Ppsq/qZ3ZZNZXVyBGJt5J4PQcVn3y9cdgUMv4jJXsysLV9O9gELT9Bi7\nWR7sM6J056W8F43iaGza+e8QGJtXQojULafxiVJh9BtlGMwM\n-----END CERTIFICATE-----\n",
            "certificate_chain": null,
            "domain_name": "dominio.personal.diferente.com.co",
            "domain_validation_options": [],
            "id": "arn:aws:acm:us-east-1:257054310691:certificate/2420fe3d-6872-46e4-97e0-66cb8b97722d",
            "options": [
              {
                "certificate_transparency_logging_preference": "DISABLED"
              }
            ],
            "private_key": "-----BEGIN RSA PRIVATE KEY-----\nMIIEowIBAAKCAQEApSk0R7RxPwxaymrIkUjw+F40f9hWI8pUuUs3uJFEP3saw8LB\nppqtt8+rcs1LUhGavVXvw3OzMFuxT3C286eROQlLNSvjY8pzbJfBVKrUgA/+/b/x\nrCmfkXV6i0yBl4Xb2r2RBPyqUtl8fo5zgEqlH8Zq+zOpMA8iurY0WBW6ilUarzYc\nEZgTe29WWoqZePoS6bwMkhqNGS0vCfUW7hrU45dFi7m7g0bDsYobqb/ruzNiFHOI\nUTqXTI3O3mqwfGU+UAJKn+YJF0aTO1Jt3ZtSiZSc3VhJHblgzxDP1inpl9c86xf2\n1ChmhUvgx2jylJ0bor6ne3YdoFBj2OV2W2AsowIDAQABAoIBAD0pJggLpQgw/goJ\nQx6yATIoSI6zQSrdyUQYu5ioirprTv0BSQ72JrBzwcywg1zv0fqdMT2Swd99hQqi\n9c0C139klqopB3qzxMyI4foFjM2jnsy+4LLdcw69j1S4TyEaW9ED9AkBu90UVsrS\n26i9e6pposJFXjjC0hyMTpPz7/E7fDlANBVfy2ZtYV1ww9nVfL+VnfKmJ9+am9Ks\nJFiiExChzLD/u63mWe9NWX+7EYb2FN0Je2BENGXj1l3CVlNVHdZIydGosQA7QIeg\n+Fq5zcV8q/QDUq/XPkxC1Xi38+5vIiW0+kXXZMPM+/jAuOefOkZ+mXNeZno9f3tv\n+T7P0rECgYEAw1aBVPHSZH1qt8ERKl+I67vKo6wIj5UzDT0qJgHlhj7Jv9iNayxf\noclL6khPlMaeOdSjXj6K37Myb+rNgt5vgkHUU/Dw5NKydZCKv1BvmjRgOXc0MT0B\nxcsVqRHuzGv3dOx3K4jP7i0mMig9OpWfpMITbpHdq5vQSUVUdZM/ZZsCgYEA2HOc\nWBiBcAQIcLSE6FjrPru95Wjeqqj8iFaedUluTbf10FpyGw15kU1mQgknKZYVVUd/\n0ran3LUbfKOg2SCmfjH0B88y4qAzGrxj/9He/vuyTOGjoIVAoNU9UxiE3JxiEcL0\nS7aAB+gP6ZyEC14FAfDJxWsBWehbgPBrZANeCZkCgYBnI8nuPDFG9iHfHIYfxYna\nTrHUcgWjKrhmCSG0J9Q1afnE3mbta+Si3FLFRaEfgTASgQAxxvw02b2L8oLI0wI1\n2ORv3gyUBdxMzyEzmxkSZw1XymU4imnhMjYhq2JXdbqXdjQGPJrtu9ErMqwBvvco\nW4E/JK3S6tazmXPbEQCseQKBgQDEtuVLJxJT5EZrb5QuuckqXWOq39El1qiTm+0s\n+Mx3c43CisCTF375cBdUQo9F+zFuLKndrcUHD81oTCl9y2+k1u9KPaOoVSG81aQo\nNettXwBfYN3dn9zpjoLKR0lQWgvCyqRNPxJCnUQA8w8KaasxZU1qzuIOfN7UYyum\nXG0VWQKBgEPhLbu+c0Myde+LwUhm7kPRkWw8oyZSnYK88Vjf+kF4Sqynm99PI3WB\nQB0uDpt2uGgBQPbVRtjqwt8GKuTLlLyEyR4bfnlIwoeuseDxJjWYMxuJHRP5+qe3\nNC/DhXoJFbhBmsEcDj26euuyK68NpTo6MlHWbXURaauC0Pf056Tq\n-----END RSA PRIVATE KEY-----\n",
            "status": "ISSUED",
            "subject_alternative_names": [],
            "tags": null,
            "tags_all": {},
            "validation_emails": [],
            "validation_method": "NONE"
          },
          "sensitive_attributes": [
            [
              {
                "type": "get_attr",
                "value": "private_key"
              }
            ]
          ],
          "private": "bnVsbA==",
          "dependencies": [
            "tls_private_key.example",
            "tls_self_signed_cert.example"
          ]
        }
      ]
    },
    {
      "mode": "managed",
      "type": "aws_api_gateway_base_path_mapping",
      "name": "example",
      "provider": "provider[\"registry.terraform.io/hashicorp/aws\"]",
      "instances": [
        {
          "schema_version": 0,
          "attributes": {
            "api_id": "6pmb099mag",
            "base_path": "",
            "domain_name": "dominio.personal.diferente.com.co",
            "id": "dominio.personal.diferente.com.co/",
            "stage_name": "dev"
          },
          "sensitive_attributes": [],
          "private": "bnVsbA==",
          "dependencies": [
            "aws_acm_certificate.example",
            "aws_api_gateway_deployment.example",
            "aws_api_gateway_domain_name.gtw_domain",
            "aws_api_gateway_rest_api.example",
            "aws_api_gateway_stage.example",
            "tls_private_key.example",
            "tls_self_signed_cert.example"
          ]
        }
      ]
    },
    {
      "mode": "managed",
      "type": "aws_api_gateway_deployment",
      "name": "example",
      "provider": "provider[\"registry.terraform.io/hashicorp/aws\"]",
      "instances": [
        {
          "schema_version": 0,
          "attributes": {
            "created_date": "2022-01-11T23:10:07Z",
            "description": "",
            "execution_arn": "arn:aws:execute-api:us-east-1:257054310691:6pmb099mag/",
            "id": "jqy804",
            "invoke_url": "https://6pmb099mag.execute-api.us-east-1.amazonaws.com/",
            "rest_api_id": "6pmb099mag",
            "stage_description": null,
            "stage_name": null,
            "triggers": {
              "redeployment": "5770405a4b2ade71333dec02dc848670a96e6487"
            },
            "variables": null
          },
          "sensitive_attributes": [],
          "private": "bnVsbA==",
          "dependencies": [
            "aws_api_gateway_rest_api.example"
          ],
          "create_before_destroy": true
        }
      ]
    },
    {
      "mode": "managed",
      "type": "aws_api_gateway_domain_name",
      "name": "gtw_domain",
      "provider": "provider[\"registry.terraform.io/hashicorp/aws\"]",
      "instances": [
        {
          "schema_version": 0,
          "attributes": {
            "arn": "arn:aws:apigateway:us-east-1::/domainnames/dominio.personal.diferente.com.co",
            "certificate_arn": "",
            "certificate_body": null,
            "certificate_chain": null,
            "certificate_name": "",
            "certificate_private_key": null,
            "certificate_upload_date": "2022-01-11T23:10:11Z",
            "cloudfront_domain_name": "",
            "cloudfront_zone_id": "Z2FDTNDATAQYW2",
            "domain_name": "dominio.personal.diferente.com.co",
            "endpoint_configuration": [
              {
                "types": [
                  "REGIONAL"
                ]
              }
            ],
            "id": "dominio.personal.diferente.com.co",
            "mutual_tls_authentication": [],
            "regional_certificate_arn": "arn:aws:acm:us-east-1:257054310691:certificate/2420fe3d-6872-46e4-97e0-66cb8b97722d",
            "regional_certificate_name": "",
            "regional_domain_name": "d-2sy1bo8v2l.execute-api.us-east-1.amazonaws.com",
            "regional_zone_id": "Z1UJRXOUMOOFQ8",
            "security_policy": "TLS_1_0",
            "tags": null,
            "tags_all": {}
          },
          "sensitive_attributes": [],
          "private": "bnVsbA==",
          "dependencies": [
            "aws_acm_certificate.example",
            "tls_private_key.example",
            "tls_self_signed_cert.example"
          ]
        }
      ]
    },
    {
      "mode": "managed",
      "type": "aws_api_gateway_rest_api",
      "name": "example",
      "provider": "provider[\"registry.terraform.io/hashicorp/aws\"]",
      "instances": [
        {
          "schema_version": 0,
          "attributes": {
            "api_key_source": "HEADER",
            "arn": "arn:aws:apigateway:us-east-1::/restapis/6pmb099mag",
            "binary_media_types": [],
            "body": "{\"info\":{\"title\":\"api-gateway-rest-api-openapi-example-terraform-alex\",\"version\":\"1.0\"},\"openapi\":\"3.0.1\",\"paths\":{\"/path1\":{\"get\":{\"x-amazon-apigateway-integration\":{\"httpMethod\":\"GET\",\"payloadFormatVersion\":\"1.0\",\"type\":\"HTTP_PROXY\",\"uri\":\"https://ip-ranges.amazonaws.com/ip-ranges.json\"}}}}}",
            "created_date": "2022-01-11T23:10:05Z",
            "description": "",
            "disable_execute_api_endpoint": false,
            "endpoint_configuration": [
              {
                "types": [
                  "REGIONAL"
                ],
                "vpc_endpoint_ids": []
              }
            ],
            "execution_arn": "arn:aws:execute-api:us-east-1:257054310691:6pmb099mag",
            "id": "6pmb099mag",
            "minimum_compression_size": -1,
            "name": "api-gateway-rest-api-openapi-example-terraform-alex",
            "parameters": null,
            "policy": "",
            "root_resource_id": "uhzs8g4fl9",
            "tags": null,
            "tags_all": {}
          },
          "sensitive_attributes": [],
          "private": "bnVsbA==",
          "create_before_destroy": true
        }
      ]
    },
    {
      "mode": "managed",
      "type": "aws_api_gateway_stage",
      "name": "example",
      "provider": "provider[\"registry.terraform.io/hashicorp/aws\"]",
      "instances": [
        {
          "schema_version": 0,
          "attributes": {
            "access_log_settings": [],
            "arn": "arn:aws:apigateway:us-east-1::/restapis/6pmb099mag/stages/dev",
            "cache_cluster_enabled": false,
            "cache_cluster_size": "",
            "client_certificate_id": "",
            "deployment_id": "jqy804",
            "description": "",
            "documentation_version": "",
            "execution_arn": "arn:aws:execute-api:us-east-1:257054310691:6pmb099mag/dev",
            "id": "ags-6pmb099mag-dev",
            "invoke_url": "https://6pmb099mag.execute-api.us-east-1.amazonaws.com/dev",
            "rest_api_id": "6pmb099mag",
            "stage_name": "dev",
            "tags": null,
            "tags_all": {},
            "variables": null,
            "xray_tracing_enabled": false
          },
          "sensitive_attributes": [],
          "private": "bnVsbA==",
          "dependencies": [
            "aws_api_gateway_deployment.example",
            "aws_api_gateway_rest_api.example"
          ]
        }
      ]
    },
    {
      "mode": "managed",
      "type": "tls_private_key",
      "name": "example",
      "provider": "provider[\"registry.terraform.io/hashicorp/tls\"]",
      "instances": [
        {
          "schema_version": 0,
          "attributes": {
            "algorithm": "RSA",
            "ecdsa_curve": "P224",
            "id": "6d1059c8c06150a3a58a262a7c97ea687067dfa6",
            "private_key_pem": "-----BEGIN RSA PRIVATE KEY-----\nMIIEowIBAAKCAQEApSk0R7RxPwxaymrIkUjw+F40f9hWI8pUuUs3uJFEP3saw8LB\nppqtt8+rcs1LUhGavVXvw3OzMFuxT3C286eROQlLNSvjY8pzbJfBVKrUgA/+/b/x\nrCmfkXV6i0yBl4Xb2r2RBPyqUtl8fo5zgEqlH8Zq+zOpMA8iurY0WBW6ilUarzYc\nEZgTe29WWoqZePoS6bwMkhqNGS0vCfUW7hrU45dFi7m7g0bDsYobqb/ruzNiFHOI\nUTqXTI3O3mqwfGU+UAJKn+YJF0aTO1Jt3ZtSiZSc3VhJHblgzxDP1inpl9c86xf2\n1ChmhUvgx2jylJ0bor6ne3YdoFBj2OV2W2AsowIDAQABAoIBAD0pJggLpQgw/goJ\nQx6yATIoSI6zQSrdyUQYu5ioirprTv0BSQ72JrBzwcywg1zv0fqdMT2Swd99hQqi\n9c0C139klqopB3qzxMyI4foFjM2jnsy+4LLdcw69j1S4TyEaW9ED9AkBu90UVsrS\n26i9e6pposJFXjjC0hyMTpPz7/E7fDlANBVfy2ZtYV1ww9nVfL+VnfKmJ9+am9Ks\nJFiiExChzLD/u63mWe9NWX+7EYb2FN0Je2BENGXj1l3CVlNVHdZIydGosQA7QIeg\n+Fq5zcV8q/QDUq/XPkxC1Xi38+5vIiW0+kXXZMPM+/jAuOefOkZ+mXNeZno9f3tv\n+T7P0rECgYEAw1aBVPHSZH1qt8ERKl+I67vKo6wIj5UzDT0qJgHlhj7Jv9iNayxf\noclL6khPlMaeOdSjXj6K37Myb+rNgt5vgkHUU/Dw5NKydZCKv1BvmjRgOXc0MT0B\nxcsVqRHuzGv3dOx3K4jP7i0mMig9OpWfpMITbpHdq5vQSUVUdZM/ZZsCgYEA2HOc\nWBiBcAQIcLSE6FjrPru95Wjeqqj8iFaedUluTbf10FpyGw15kU1mQgknKZYVVUd/\n0ran3LUbfKOg2SCmfjH0B88y4qAzGrxj/9He/vuyTOGjoIVAoNU9UxiE3JxiEcL0\nS7aAB+gP6ZyEC14FAfDJxWsBWehbgPBrZANeCZkCgYBnI8nuPDFG9iHfHIYfxYna\nTrHUcgWjKrhmCSG0J9Q1afnE3mbta+Si3FLFRaEfgTASgQAxxvw02b2L8oLI0wI1\n2ORv3gyUBdxMzyEzmxkSZw1XymU4imnhMjYhq2JXdbqXdjQGPJrtu9ErMqwBvvco\nW4E/JK3S6tazmXPbEQCseQKBgQDEtuVLJxJT5EZrb5QuuckqXWOq39El1qiTm+0s\n+Mx3c43CisCTF375cBdUQo9F+zFuLKndrcUHD81oTCl9y2+k1u9KPaOoVSG81aQo\nNettXwBfYN3dn9zpjoLKR0lQWgvCyqRNPxJCnUQA8w8KaasxZU1qzuIOfN7UYyum\nXG0VWQKBgEPhLbu+c0Myde+LwUhm7kPRkWw8oyZSnYK88Vjf+kF4Sqynm99PI3WB\nQB0uDpt2uGgBQPbVRtjqwt8GKuTLlLyEyR4bfnlIwoeuseDxJjWYMxuJHRP5+qe3\nNC/DhXoJFbhBmsEcDj26euuyK68NpTo6MlHWbXURaauC0Pf056Tq\n-----END RSA PRIVATE KEY-----\n",
            "public_key_fingerprint_md5": "19:df:09:ce:df:e5:aa:1b:80:86:80:86:33:4b:10:39",
            "public_key_openssh": "ssh-rsa AAAAB3NzaC1yc2EAAAADAQABAAABAQClKTRHtHE/DFrKasiRSPD4XjR/2FYjylS5Sze4kUQ/exrDwsGmmq23z6tyzUtSEZq9Ve/Dc7MwW7FPcLbzp5E5CUs1K+NjynNsl8FUqtSAD/79v/GsKZ+RdXqLTIGXhdvavZEE/KpS2Xx+jnOASqUfxmr7M6kwDyK6tjRYFbqKVRqvNhwRmBN7b1Zaipl4+hLpvAySGo0ZLS8J9RbuGtTjl0WLubuDRsOxihupv+u7M2IUc4hROpdMjc7earB8ZT5QAkqf5gkXRpM7Um3dm1KJlJzdWEkduWDPEM/WKemX1zzrF/bUKGaFS+DHaPKUnRuivqd7dh2gUGPY5XZbYCyj\n",
            "public_key_pem": "-----BEGIN PUBLIC KEY-----\nMIIBIjANBgkqhkiG9w0BAQEFAAOCAQ8AMIIBCgKCAQEApSk0R7RxPwxaymrIkUjw\n+F40f9hWI8pUuUs3uJFEP3saw8LBppqtt8+rcs1LUhGavVXvw3OzMFuxT3C286eR\nOQlLNSvjY8pzbJfBVKrUgA/+/b/xrCmfkXV6i0yBl4Xb2r2RBPyqUtl8fo5zgEql\nH8Zq+zOpMA8iurY0WBW6ilUarzYcEZgTe29WWoqZePoS6bwMkhqNGS0vCfUW7hrU\n45dFi7m7g0bDsYobqb/ruzNiFHOIUTqXTI3O3mqwfGU+UAJKn+YJF0aTO1Jt3ZtS\niZSc3VhJHblgzxDP1inpl9c86xf21ChmhUvgx2jylJ0bor6ne3YdoFBj2OV2W2As\nowIDAQAB\n-----END PUBLIC KEY-----\n",
            "rsa_bits": 2048
          },
          "sensitive_attributes": [],
          "private": "bnVsbA=="
        }
      ]
    },
    {
      "mode": "managed",
      "type": "tls_self_signed_cert",
      "name": "example",
      "provider": "provider[\"registry.terraform.io/hashicorp/tls\"]",
      "instances": [
        {
          "schema_version": 0,
          "attributes": {
            "allowed_uses": [
              "key_encipherment",
              "digital_signature",
              "server_auth"
            ],
            "cert_pem": "-----BEGIN CERTIFICATE-----\nMIIDgDCCAmigAwIBAgIRAME0JgJ55OzM6FNN1AA0SXcwDQYJKoZIhvcNAQELBQAw\nSTEbMBkGA1UEChMSQUNNRSBFeGFtcGxlcywgSW5jMSowKAYDVQQDEyFkb21pbmlv\nLnBlcnNvbmFsLmRpZmVyZW50ZS5jb20uY28wHhcNMjIwMTExMjMxMDAzWhcNMjIw\nMTEyMTExMDAzWjBJMRswGQYDVQQKExJBQ01FIEV4YW1wbGVzLCBJbmMxKjAoBgNV\nBAMTIWRvbWluaW8ucGVyc29uYWwuZGlmZXJlbnRlLmNvbS5jbzCCASIwDQYJKoZI\nhvcNAQEBBQADggEPADCCAQoCggEBAKUpNEe0cT8MWspqyJFI8PheNH/YViPKVLlL\nN7iRRD97GsPCwaaarbfPq3LNS1IRmr1V78NzszBbsU9wtvOnkTkJSzUr42PKc2yX\nwVSq1IAP/v2/8awpn5F1eotMgZeF29q9kQT8qlLZfH6Oc4BKpR/GavszqTAPIrq2\nNFgVuopVGq82HBGYE3tvVlqKmXj6Eum8DJIajRktLwn1Fu4a1OOXRYu5u4NGw7GK\nG6m/67szYhRziFE6l0yNzt5qsHxlPlACSp/mCRdGkztSbd2bUomUnN1YSR25YM8Q\nz9Yp6ZfXPOsX9tQoZoVL4Mdo8pSdG6K+p3t2HaBQY9jldltgLKMCAwEAAaNjMGEw\nDgYDVR0PAQH/BAQDAgWgMBMGA1UdJQQMMAoGCCsGAQUFBwMBMAwGA1UdEwEB/wQC\nMAAwLAYDVR0RBCUwI4IhZG9taW5pby5wZXJzb25hbC5kaWZlcmVudGUuY29tLmNv\nMA0GCSqGSIb3DQEBCwUAA4IBAQCNHogt+WzdNdE3jne+NuAubik1dwAMdZETehvM\nUhbo/hMS+t0ZrVUljGXOiD5Lgj8oi9nXbTa7IZGM1KYOADXceQSPHOX38MCEXrDk\nE5AAaNnbFGR6Mpx2t4EKPj9FRI73wJjUjVu7P4mwnAdiOuKQiVEG2/TvENRHjL3G\nuJAiQ/vDs8g7KIaP7aW0IduKWUx/3GAoJvb9Vpfku0Kkl5T2/57bYgapGFZTPTcs\nMpvTvSD8Ppsq/qZ3ZZNZXVyBGJt5J4PQcVn3y9cdgUMv4jJXsysLV9O9gELT9Bi7\nWR7sM6J056W8F43iaGza+e8QGJtXQojULafxiVJh9BtlGMwM\n-----END CERTIFICATE-----\n",
            "dns_names": [
              "dominio.personal.diferente.com.co"
            ],
            "early_renewal_hours": 0,
            "id": "256811773550878277832744580479211293047",
            "ip_addresses": null,
            "is_ca_certificate": null,
            "key_algorithm": "RSA",
            "private_key_pem": "ccf67d7d8b68fc167f32478bf1b39ba23b6538bd",
            "ready_for_renewal": false,
            "set_subject_key_id": null,
            "subject": [
              {
                "common_name": "dominio.personal.diferente.com.co",
                "country": "",
                "locality": "",
                "organization": "ACME Examples, Inc",
                "organizational_unit": "",
                "postal_code": "",
                "province": "",
                "serial_number": "",
                "street_address": null
              }
            ],
            "uris": null,
            "validity_end_time": "2022-01-12T06:10:03.570348-05:00",
            "validity_period_hours": 12,
            "validity_start_time": "2022-01-11T18:10:03.570348-05:00"
          },
          "sensitive_attributes": [
            [
              {
                "type": "get_attr",
                "value": "private_key_pem"
              }
            ]
          ],
          "private": "bnVsbA==",
          "dependencies": [
            "tls_private_key.example"
          ]
        }
      ]
    }
  ]
}
